
Microsoft Visual Studio Solution File, Format Version 12.00
# Visual Studio 15
VisualStudioVersion = 15.0.28010.2046
MinimumVisualStudioVersion = 10.0.40219.1
Project("{FAE04EC0-301F-11D3-BF4B-00C04F79EFBC}") = "Collections", "Collections\Collections.csproj", "{CF227305-38EE-42C6-8E37-8D166080B59E}"
EndProject
Global
	GlobalSection(SolutionConfigurationPlatforms) = preSolution
		Debug|Any CPU = Debug|Any CPU
		Release|Any CPU = Release|Any CPU
	EndGlobalSection
	GlobalSection(ProjectConfigurationPlatforms) = postSolution
		{CF227305-38EE-42C6-8E37-8D166080B59E}.Debug|Any CPU.ActiveCfg = Debug|Any CPU
		{CF227305-38EE-42C6-8E37-8D166080B59E}.Debug|Any CPU.Build.0 = Debug|Any CPU
		{CF227305-38EE-42C6-8E37-8D166080B59E}.Release|Any CPU.ActiveCfg = Release|Any CPU
		{CF227305-38EE-42C6-8E37-8D166080B59E}.Release|Any CPU.Build.0 = Release|Any CPU
	EndGlobalSection
	GlobalSection(SolutionProperties) = preSolution
		HideSolutionNode = FALSE
	EndGlobalSection
	GlobalSection(ExtensibilityGlobals) = postSolution
		SolutionGuid = {F7FB18EC-4D72-4546-98A1-599E8617725A}
	EndGlobalSection
EndGlobal
